// !$*UTF8*$!
{
	archiveVersion = 1;
	classes = {
	};
	objectVersion = 48;
	objects = {

/* Begin PBXBuildFile section */
		B5228D71224FF4DE00CE4CD3 /* main.cpp in Sources */ = {isa = PBXBuildFile; fileRef = B5228D70224FF4DE00CE4CD3 /* main.cpp */; };
		B5228D90224FF7CB00CE4CD3 /* main.cpp in Sources */ = {isa = PBXBuildFile; fileRef = B5228D8F224FF7CB00CE4CD3 /* main.cpp */; };
		B5228D97224FF90900CE4CD3 /* NHOSensor.cpp in Sources */ = {isa = PBXBuildFile; fileRef = B5228D95224FF90900CE4CD3 /* NHOSensor.cpp */; };
		B5228D98224FF90900CE4CD3 /* NHOSensor.hpp in Headers */ = {isa = PBXBuildFile; fileRef = B5228D96224FF90900CE4CD3 /* NHOSensor.hpp */; };
/* End PBXBuildFile section */

/* Begin PBXCopyFilesBuildPhase section */
		B5228D6B224FF4DE00CE4CD3 /* CopyFiles */ = {
			isa = PBXCopyFilesBuildPhase;
			buildActionMask = 2147483647;
			dstPath = /usr/share/man/man1/;
			dstSubfolderSpec = 0;
			files = (
			);
			runOnlyForDeploymentPostprocessing = 1;
		};
		B5228D84224FF70900CE4CD3 /* CopyFiles */ = {
			isa = PBXCopyFilesBuildPhase;
			buildActionMask = 2147483647;
			dstPath = /usr/share/man/man1/;
			dstSubfolderSpec = 0;
			files = (
			);
			runOnlyForDeploymentPostprocessing = 1;
		};
/* End PBXCopyFilesBuildPhase section */

/* Begin PBXFileReference section */
		B5228D6D224FF4DE00CE4CD3 /* New Horizons */ = {isa = PBXFileReference; explicitFileType = "compiled.mach-o.executable"; includeInIndex = 0; path = "New Horizons"; sourceTree = BUILT_PRODUCTS_DIR; };
		B5228D70224FF4DE00CE4CD3 /* main.cpp */ = {isa = PBXFileReference; lastKnownFileType = sourcecode.cpp.cpp; path = main.cpp; sourceTree = "<group>"; };
		B5228D7C224FF6C700CE4CD3 /* libSensor.a */ = {isa = PBXFileReference; explicitFileType = archive.ar; includeInIndex = 0; path = libSensor.a; sourceTree = BUILT_PRODUCTS_DIR; };
		B5228D86224FF70900CE4CD3 /* Rover */ = {isa = PBXFileReference; explicitFileType = "compiled.mach-o.executable"; includeInIndex = 0; path = Rover; sourceTree = BUILT_PRODUCTS_DIR; };
		B5228D8F224FF7CB00CE4CD3 /* main.cpp */ = {isa = PBXFileReference; lastKnownFileType = sourcecode.cpp.cpp; path = main.cpp; sourceTree = "<group>"; };
		B5228D95224FF90900CE4CD3 /* NHOSensor.cpp */ = {isa = PBXFileReference; lastKnownFileType = sourcecode.cpp.cpp; path = NHOSensor.cpp; sourceTree = "<group>"; };
		B5228D96224FF90900CE4CD3 /* NHOSensor.hpp */ = {isa = PBXFileReference; lastKnownFileType = sourcecode.cpp.h; path = NHOSensor.hpp; sourceTree = "<group>"; };
/* End PBXFileReference section */

/* Begin PBXFrameworksBuildPhase section */
		B5228D6A224FF4DE00CE4CD3 /* Frameworks */ = {
			isa = PBXFrameworksBuildPhase;
			buildActionMask = 2147483647;
			files = (
			);
			runOnlyForDeploymentPostprocessing = 0;
		};
		B5228D79224FF6C700CE4CD3 /* Frameworks */ = {
			isa = PBXFrameworksBuildPhase;
			buildActionMask = 2147483647;
			files = (
			);
			runOnlyForDeploymentPostprocessing = 0;
		};
		B5228D83224FF70900CE4CD3 /* Frameworks */ = {
			isa = PBXFrameworksBuildPhase;
			buildActionMask = 2147483647;
			files = (
			);
			runOnlyForDeploymentPostprocessing = 0;
		};
/* End PBXFrameworksBuildPhase section */

/* Begin PBXGroup section */
		B5228D64224FF4DE00CE4CD3 = {
			isa = PBXGroup;
			children = (
				B5228D81224FF6E500CE4CD3 /* Actuator */,
				B5228D6F224FF4DE00CE4CD3 /* New Horizons */,
				B5228D6E224FF4DE00CE4CD3 /* Products */,
				B5228D87224FF70900CE4CD3 /* Rover */,
				B5228D80224FF6D400CE4CD3 /* Sensor */,
			);
			sourceTree = "<group>";
		};
		B5228D6E224FF4DE00CE4CD3 /* Products */ = {
			isa = PBXGroup;
			children = (
				B5228D6D224FF4DE00CE4CD3 /* New Horizons */,
				B5228D7C224FF6C700CE4CD3 /* libSensor.a */,
				B5228D86224FF70900CE4CD3 /* Rover */,
			);
			name = Products;
			sourceTree = "<group>";
		};
		B5228D6F224FF4DE00CE4CD3 /* New Horizons */ = {
			isa = PBXGroup;
			children = (
				B5228D70224FF4DE00CE4CD3 /* main.cpp */,
			);
			path = "New Horizons";
			sourceTree = "<group>";
		};
		B5228D80224FF6D400CE4CD3 /* Sensor */ = {
			isa = PBXGroup;
			children = (
				B5228D93224FF8B200CE4CD3 /* Inc */,
				B5228D94224FF8B700CE4CD3 /* Src */,
			);
			path = Sensor;
			sourceTree = "<group>";
		};
		B5228D81224FF6E500CE4CD3 /* Actuator */ = {
			isa = PBXGroup;
			children = (
				B5228D91224FF8A800CE4CD3 /* Inc */,
				B5228D92224FF8AD00CE4CD3 /* Src */,
			);
			path = Actuator;
			sourceTree = "<group>";
		};
		B5228D87224FF70900CE4CD3 /* Rover */ = {
			isa = PBXGroup;
			children = (
				B5228D8F224FF7CB00CE4CD3 /* main.cpp */,
			);
			path = Rover;
			sourceTree = "<group>";
		};
		B5228D91224FF8A800CE4CD3 /* Inc */ = {
			isa = PBXGroup;
			children = (
			);
			path = Inc;
			sourceTree = "<group>";
		};
		B5228D92224FF8AD00CE4CD3 /* Src */ = {
			isa = PBXGroup;
			children = (
			);
			path = Src;
			sourceTree = "<group>";
		};
		B5228D93224FF8B200CE4CD3 /* Inc */ = {
			isa = PBXGroup;
			children = (
				B5228D96224FF90900CE4CD3 /* NHOSensor.hpp */,
			);
			path = Inc;
			sourceTree = "<group>";
		};
		B5228D94224FF8B700CE4CD3 /* Src */ = {
			isa = PBXGroup;
			children = (
				B5228D95224FF90900CE4CD3 /* NHOSensor.cpp */,
			);
			path = Src;
			sourceTree = "<group>";
		};
/* End PBXGroup section */

/* Begin PBXHeadersBuildPhase section */
		B5228D7A224FF6C700CE4CD3 /* Headers */ = {
			isa = PBXHeadersBuildPhase;
			buildActionMask = 2147483647;
			files = (
				B5228D98224FF90900CE4CD3 /* NHOSensor.hpp in Headers */,
			);
			runOnlyForDeploymentPostprocessing = 0;
		};
/* End PBXHeadersBuildPhase section */

/* Begin PBXNativeTarget section */
		B5228D6C224FF4DE00CE4CD3 /* New Horizons */ = {
			isa = PBXNativeTarget;
			buildConfigurationList = B5228D74224FF4DE00CE4CD3 /* Build configuration list for PBXNativeTarget "New Horizons" */;
			buildPhases = (
				B5228D69224FF4DE00CE4CD3 /* Sources */,
				B5228D6A224FF4DE00CE4CD3 /* Frameworks */,
				B5228D6B224FF4DE00CE4CD3 /* CopyFiles */,
			);
			buildRules = (
			);
			dependencies = (
			);
			name = "New Horizons";
			productName = "New Horizons";
			productReference = B5228D6D224FF4DE00CE4CD3 /* New Horizons */;
			productType = "com.apple.product-type.tool";
		};
		B5228D7B224FF6C700CE4CD3 /* Sensor */ = {
			isa = PBXNativeTarget;
			buildConfigurationList = B5228D7D224FF6C700CE4CD3 /* Build configuration list for PBXNativeTarget "Sensor" */;
			buildPhases = (
				B5228D78224FF6C700CE4CD3 /* Sources */,
				B5228D79224FF6C700CE4CD3 /* Frameworks */,
				B5228D7A224FF6C700CE4CD3 /* Headers */,
			);
			buildRules = (
			);
			dependencies = (
			);
			name = Sensor;
			productName = Sensor;
			productReference = B5228D7C224FF6C700CE4CD3 /* libSensor.a */;
			productType = "com.apple.product-type.library.static";
		};
		B5228D85224FF70900CE4CD3 /* Rover */ = {
			isa = PBXNativeTarget;
			buildConfigurationList = B5228D8A224FF70900CE4CD3 /* Build configuration list for PBXNativeTarget "Rover" */;
			buildPhases = (
				B5228D82224FF70900CE4CD3 /* Sources */,
				B5228D83224FF70900CE4CD3 /* Frameworks */,
				B5228D84224FF70900CE4CD3 /* CopyFiles */,
			);
			buildRules = (
			);
			dependencies = (
			);
			name = Rover;
			productName = Rover;
			productReference = B5228D86224FF70900CE4CD3 /* Rover */;
			productType = "com.apple.product-type.tool";
		};
/* End PBXNativeTarget section */

/* Begin PBXProject section */
		B5228D65224FF4DE00CE4CD3 /* Project object */ = {
			isa = PBXProject;
			attributes = {
				LastUpgradeCheck = 0920;
				ORGANIZATIONNAME = "Frédéric Rubio";
				TargetAttributes = {
					B5228D6C224FF4DE00CE4CD3 = {
						CreatedOnToolsVersion = 9.2;
						ProvisioningStyle = Automatic;
					};
					B5228D7B224FF6C700CE4CD3 = {
						CreatedOnToolsVersion = 9.2;
						ProvisioningStyle = Automatic;
					};
					B5228D85224FF70900CE4CD3 = {
						CreatedOnToolsVersion = 9.2;
						ProvisioningStyle = Automatic;
					};
				};
			};
			buildConfigurationList = B5228D68224FF4DE00CE4CD3 /* Build configuration list for PBXProject "New Horizons" */;
			compatibilityVersion = "Xcode 8.0";
			developmentRegion = en;
			hasScannedForEncodings = 0;
			knownRegions = (
				en,
			);
			mainGroup = B5228D64224FF4DE00CE4CD3;
			productRefGroup = B5228D6E224FF4DE00CE4CD3 /* Products */;
			projectDirPath = "";
			projectRoot = "";
			targets = (
				B5228D6C224FF4DE00CE4CD3 /* New Horizons */,
				B5228D7B224FF6C700CE4CD3 /* Sensor */,
				B5228D85224FF70900CE4CD3 /* Rover */,
			);
		};
/* End PBXProject section */

/* Begin PBXSourcesBuildPhase section */
		B5228D69224FF4DE00CE4CD3 /* Sources */ = {
			isa = PBXSourcesBuildPhase;
			buildActionMask = 2147483647;
			files = (
				B5228D71224FF4DE00CE4CD3 /* main.cpp in Sources */,
			);
			runOnlyForDeploymentPostprocessing = 0;
		};
		B5228D78224FF6C700CE4CD3 /* Sources */ = {
			isa = PBXSourcesBuildPhase;
			buildActionMask = 2147483647;
			files = (
				B5228D97224FF90900CE4CD3 /* NHOSensor.cpp in Sources */,
			);
			runOnlyForDeploymentPostprocessing = 0;
		};
		B5228D82224FF70900CE4CD3 /* Sources */ = {
			isa = PBXSourcesBuildPhase;
			buildActionMask = 2147483647;
			files = (
				B5228D90224FF7CB00CE4CD3 /* main.cpp in Sources */,
			);
			runOnlyForDeploymentPostprocessing = 0;
		};
/* End PBXSourcesBuildPhase section */

/* Begin XCBuildConfiguration section */
		B5228D72224FF4DE00CE4CD3 /* Debug */ = {
			isa = XCBuildConfiguration;
			buildSettings = {
				ALWAYS_SEARCH_USER_PATHS = NO;
				CLANG_ANALYZER_NONNULL = YES;
				CLANG_ANALYZER_NUMBER_OBJECT_CONVERSION = YES_AGGRESSIVE;
				CLANG_CXX_LANGUAGE_STANDARD = "gnu++14";
				CLANG_CXX_LIBRARY = "libc++";
				CLANG_ENABLE_MODULES = YES;
				CLANG_ENABLE_OBJC_ARC = YES;
				CLANG_WARN_BLOCK_CAPTURE_AUTORELEASING = YES;
				CLANG_WARN_BOOL_CONVERSION = YES;
				CLANG_WARN_COMMA = YES;
				CLANG_WARN_CONSTANT_CONVERSION = YES;
				CLANG_WARN_DIRECT_OBJC_ISA_USAGE = YES_ERROR;
				CLANG_WARN_DOCUMENTATION_COMMENTS = YES;
				CLANG_WARN_EMPTY_BODY = YES;
				CLANG_WARN_ENUM_CONVERSION = YES;
				CLANG_WARN_INFINITE_RECURSION = YES;
				CLANG_WARN_INT_CONVERSION = YES;
				CLANG_WARN_NON_LITERAL_NULL_CONVERSION = YES;
				CLANG_WARN_OBJC_LITERAL_CONVERSION = YES;
				CLANG_WARN_OBJC_ROOT_CLASS = YES_ERROR;
				CLANG_WARN_RANGE_LOOP_ANALYSIS = YES;
				CLANG_WARN_STRICT_PROTOTYPES = YES;
				CLANG_WARN_SUSPICIOUS_MOVE = YES;
				CLANG_WARN_UNGUARDED_AVAILABILITY = YES_AGGRESSIVE;
				CLANG_WARN_UNREACHABLE_CODE = YES;
				CLANG_WARN__DUPLICATE_METHOD_MATCH = YES;
				CODE_SIGN_IDENTITY = "-";
				COPY_PHASE_STRIP = NO;
				DEBUG_INFORMATION_FORMAT = dwarf;
				ENABLE_STRICT_OBJC_MSGSEND = YES;
				ENABLE_TESTABILITY = YES;
				GCC_C_LANGUAGE_STANDARD = gnu11;
				GCC_DYNAMIC_NO_PIC = NO;
				GCC_NO_COMMON_BLOCKS = YES;
				GCC_OPTIMIZATION_LEVEL = 0;
				GCC_PREPROCESSOR_DEFINITIONS = (
					"DEBUG=1",
					"$(inherited)",
				);
				GCC_WARN_64_TO_32_BIT_CONVERSION = YES;
				GCC_WARN_ABOUT_RETURN_TYPE = YES_ERROR;
				GCC_WARN_UNDECLARED_SELECTOR = YES;
				GCC_WARN_UNINITIALIZED_AUTOS = YES_AGGRESSIVE;
				GCC_WARN_UNUSED_FUNCTION = YES;
				GCC_WARN_UNUSED_VARIABLE = YES;
				MACOSX_DEPLOYMENT_TARGET = 10.12;
				MTL_ENABLE_DEBUG_INFO = YES;
				ONLY_ACTIVE_ARCH = YES;
				SDKROOT = macosx;
			};
			name = Debug;
		};
		B5228D73224FF4DE00CE4CD3 /* Release */ = {
			isa = XCBuildConfiguration;
			buildSettings = {
				ALWAYS_SEARCH_USER_PATHS = NO;
				CLANG_ANALYZER_NONNULL = YES;
				CLANG_ANALYZER_NUMBER_OBJECT_CONVERSION = YES_AGGRESSIVE;
				CLANG_CXX_LANGUAGE_STANDARD = "gnu++14";
				CLANG_CXX_LIBRARY = "libc++";
				CLANG_ENABLE_MODULES = YES;
				CLANG_ENABLE_OBJC_ARC = YES;
				CLANG_WARN_BLOCK_CAPTURE_AUTORELEASING = YES;
				CLANG_WARN_BOOL_CONVERSION = YES;
				CLANG_WARN_COMMA = YES;
				CLANG_WARN_CONSTANT_CONVERSION = YES;
				CLANG_WARN_DIRECT_OBJC_ISA_USAGE = YES_ERROR;
				CLANG_WARN_DOCUMENTATION_COMMENTS = YES;
				CLANG_WARN_EMPTY_BODY = YES;
				CLANG_WARN_ENUM_CONVERSION = YES;
				CLANG_WARN_INFINITE_RECURSION = YES;
				CLANG_WARN_INT_CONVERSION = YES;
				CLANG_WARN_NON_LITERAL_NULL_CONVERSION = YES;
				CLANG_WARN_OBJC_LITERAL_CONVERSION = YES;
				CLANG_WARN_OBJC_ROOT_CLASS = YES_ERROR;
				CLANG_WARN_RANGE_LOOP_ANALYSIS = YES;
				CLANG_WARN_STRICT_PROTOTYPES = YES;
				CLANG_WARN_SUSPICIOUS_MOVE = YES;
				CLANG_WARN_UNGUARDED_AVAILABILITY = YES_AGGRESSIVE;
				CLANG_WARN_UNREACHABLE_CODE = YES;
				CLANG_WARN__DUPLICATE_METHOD_MATCH = YES;
				CODE_SIGN_IDENTITY = "-";
				COPY_PHASE_STRIP = NO;
				DEBUG_INFORMATION_FORMAT = "dwarf-with-dsym";
				ENABLE_NS_ASSERTIONS = NO;
				ENABLE_STRICT_OBJC_MSGSEND = YES;
				GCC_C_LANGUAGE_STANDARD = gnu11;
				GCC_NO_COMMON_BLOCKS = YES;
				GCC_WARN_64_TO_32_BIT_CONVERSION = YES;
				GCC_WARN_ABOUT_RETURN_TYPE = YES_ERROR;
				GCC_WARN_UNDECLARED_SELECTOR = YES;
				GCC_WARN_UNINITIALIZED_AUTOS = YES_AGGRESSIVE;
				GCC_WARN_UNUSED_FUNCTION = YES;
				GCC_WARN_UNUSED_VARIABLE = YES;
				MACOSX_DEPLOYMENT_TARGET = 10.12;
				MTL_ENABLE_DEBUG_INFO = NO;
				SDKROOT = macosx;
			};
			name = Release;
		};
		B5228D75224FF4DE00CE4CD3 /* Debug */ = {
			isa = XCBuildConfiguration;
			buildSettings = {
				CODE_SIGN_STYLE = Automatic;
				PRODUCT_NAME = "$(TARGET_NAME)";
			};
			name = Debug;
		};
		B5228D76224FF4DE00CE4CD3 /* Release */ = {
			isa = XCBuildConfiguration;
			buildSettings = {
				CODE_SIGN_STYLE = Automatic;
				PRODUCT_NAME = "$(TARGET_NAME)";
			};
			name = Release;
		};
		B5228D7E224FF6C700CE4CD3 /* Debug */ = {
			isa = XCBuildConfiguration;
			buildSettings = {
				CODE_SIGN_STYLE = Automatic;
				EXECUTABLE_PREFIX = lib;
				PRODUCT_NAME = "$(TARGET_NAME)";
			};
			name = Debug;
		};
		B5228D7F224FF6C700CE4CD3 /* Release */ = {
			isa = XCBuildConfiguration;
			buildSettings = {
				CODE_SIGN_STYLE = Automatic;
				EXECUTABLE_PREFIX = lib;
				PRODUCT_NAME = "$(TARGET_NAME)";
			};
			name = Release;
		};
		B5228D8B224FF70900CE4CD3 /* Debug */ = {
			isa = XCBuildConfiguration;
			buildSettings = {
				CODE_SIGN_STYLE = Automatic;
				PRODUCT_NAME = "$(TARGET_NAME)";
			};
			name = Debug;
		};
		B5228D8C224FF70900CE4CD3 /* Release */ = {
			isa = XCBuildConfiguration;
			buildSettings = {
				CODE_SIGN_STYLE = Automatic;
				PRODUCT_NAME = "$(TARGET_NAME)";
			};
			name = Release;
		};
/* End XCBuildConfiguration section */

/* Begin XCConfigurationList section */
		B5228D68224FF4DE00CE4CD3 /* Build configuration list for PBXProject "New Horizons" */ = {
			isa = XCConfigurationList;
			buildConfigurations = (
				B5228D72224FF4DE00CE4CD3 /* Debug */,
				B5228D73224FF4DE00CE4CD3 /* Release */,
			);
			defaultConfigurationIsVisible = 0;
			defaultConfigurationName = Release;
		};
		B5228D74224FF4DE00CE4CD3 /* Build configuration list for PBXNativeTarget "New Horizons" */ = {
			isa = XCConfigurationList;
			buildConfigurations = (
				B5228D75224FF4DE00CE4CD3 /* Debug */,
				B5228D76224FF4DE00CE4CD3 /* Release */,
			);
			defaultConfigurationIsVisible = 0;
			defaultConfigurationName = Release;
		};
		B5228D7D224FF6C700CE4CD3 /* Build configuration list for PBXNativeTarget "Sensor" */ = {
			isa = XCConfigurationList;
			buildConfigurations = (
				B5228D7E224FF6C700CE4CD3 /* Debug */,
				B5228D7F224FF6C700CE4CD3 /* Release */,
			);
			defaultConfigurationIsVisible = 0;
			defaultConfigurationName = Release;
		};
		B5228D8A224FF70900CE4CD3 /* Build configuration list for PBXNativeTarget "Rover" */ = {
			isa = XCConfigurationList;
			buildConfigurations = (
				B5228D8B224FF70900CE4CD3 /* Debug */,
				B5228D8C224FF70900CE4CD3 /* Release */,
			);
			defaultConfigurationIsVisible = 0;
			defaultConfigurationName = Release;
		};
/* End XCConfigurationList section */
	};
	rootObject = B5228D65224FF4DE00CE4CD3 /* Project object */;
}
