// !$*UTF8*$!
{
	archiveVersion = 1;
	classes = {
	};
	objectVersion = 48;
	objects = {

/* Begin PBXBuildFile section */
		B518FD72228856E200C37EC2 /* NHOHEMData.hpp in Headers */ = {isa = PBXBuildFile; fileRef = B518FD71228856E200C37EC2 /* NHOHEMData.hpp */; };
		B518FD74228856ED00C37EC2 /* NHOHEMData.cpp in Sources */ = {isa = PBXBuildFile; fileRef = B518FD73228856ED00C37EC2 /* NHOHEMData.cpp */; };
		B518FD7D22885B7700C37EC2 /* NHORover.cpp in Sources */ = {isa = PBXBuildFile; fileRef = B518FD7B22885B7700C37EC2 /* NHORover.cpp */; };
		B5228D71224FF4DE00CE4CD3 /* main.cpp in Sources */ = {isa = PBXBuildFile; fileRef = B5228D70224FF4DE00CE4CD3 /* main.cpp */; };
		B5228D90224FF7CB00CE4CD3 /* main.cpp in Sources */ = {isa = PBXBuildFile; fileRef = B5228D8F224FF7CB00CE4CD3 /* main.cpp */; };
		B5228D97224FF90900CE4CD3 /* NHOSensor.cpp in Sources */ = {isa = PBXBuildFile; fileRef = B5228D95224FF90900CE4CD3 /* NHOSensor.cpp */; };
		B5228D98224FF90900CE4CD3 /* NHOSensor.hpp in Headers */ = {isa = PBXBuildFile; fileRef = B5228D96224FF90900CE4CD3 /* NHOSensor.hpp */; };
		B5228D9B2253F11000CE4CD3 /* NHOCamera.cpp in Sources */ = {isa = PBXBuildFile; fileRef = B5228D992253F11000CE4CD3 /* NHOCamera.cpp */; };
		B5228D9C2253F11000CE4CD3 /* NHOCamera.hpp in Headers */ = {isa = PBXBuildFile; fileRef = B5228D9A2253F11000CE4CD3 /* NHOCamera.hpp */; };
		B547EE67227C9F0C00181512 /* NHOMessage.cpp in Sources */ = {isa = PBXBuildFile; fileRef = B547EE63227C9F0C00181512 /* NHOMessage.cpp */; };
		B547EE68227C9F0C00181512 /* NHOImageSizeMessage.cpp in Sources */ = {isa = PBXBuildFile; fileRef = B547EE64227C9F0C00181512 /* NHOImageSizeMessage.cpp */; };
		B547EE6E227C9F2100181512 /* NHOMessage.hpp in Headers */ = {isa = PBXBuildFile; fileRef = B547EE6A227C9F2000181512 /* NHOMessage.hpp */; };
		B547EE6F227C9F2100181512 /* NHOImageSizeMessage.hpp in Headers */ = {isa = PBXBuildFile; fileRef = B547EE6B227C9F2100181512 /* NHOImageSizeMessage.hpp */; };
		B547EE73227ECD7100181512 /* NHOImage.cpp in Sources */ = {isa = PBXBuildFile; fileRef = B547EE71227ECD7100181512 /* NHOImage.cpp */; };
		B547EE74227ECD7100181512 /* NHOImage.hpp in Headers */ = {isa = PBXBuildFile; fileRef = B547EE72227ECD7100181512 /* NHOImage.hpp */; };
		B547EE762283038700181512 /* NHOReflexFullDuplexConnectedEmitter.hpp in Headers */ = {isa = PBXBuildFile; fileRef = B547EE752283038700181512 /* NHOReflexFullDuplexConnectedEmitter.hpp */; };
		B55235152255460300DBE5DA /* NHOSensorParameters.cpp in Sources */ = {isa = PBXBuildFile; fileRef = B55235132255460300DBE5DA /* NHOSensorParameters.cpp */; };
		B55235162255460300DBE5DA /* NHOSensorParameters.hpp in Headers */ = {isa = PBXBuildFile; fileRef = B55235142255460300DBE5DA /* NHOSensorParameters.hpp */; };
		B55235192255475500DBE5DA /* NHOCameraParameters.cpp in Sources */ = {isa = PBXBuildFile; fileRef = B55235172255475500DBE5DA /* NHOCameraParameters.cpp */; };
		B552351A2255475500DBE5DA /* NHOCameraParameters.hpp in Headers */ = {isa = PBXBuildFile; fileRef = B55235182255475500DBE5DA /* NHOCameraParameters.hpp */; };
		B598F74622875CD2000925E0 /* NHOReflexFullDuplexConnectedEmitter.cpp in Sources */ = {isa = PBXBuildFile; fileRef = B598F74522875CD2000925E0 /* NHOReflexFullDuplexConnectedEmitter.cpp */; };
		B59BB673228B55C600F43937 /* NHORoverHEM.cpp in Sources */ = {isa = PBXBuildFile; fileRef = B59BB671228B55C600F43937 /* NHORoverHEM.cpp */; };
		B59BB674228B55C600F43937 /* NHORoverHEM.hpp in Headers */ = {isa = PBXBuildFile; fileRef = B59BB672228B55C600F43937 /* NHORoverHEM.hpp */; };
		B59BB676228B58BB00F43937 /* NHOHEMMessage.hpp in Headers */ = {isa = PBXBuildFile; fileRef = B59BB675228B58BA00F43937 /* NHOHEMMessage.hpp */; };
		B59BB678228B58DB00F43937 /* NHOHEMMessage.cpp in Sources */ = {isa = PBXBuildFile; fileRef = B59BB677228B58DB00F43937 /* NHOHEMMessage.cpp */; };
		B5CDC8C9228FDF3600D23355 /* NHOHEMStorageUnit.cpp in Sources */ = {isa = PBXBuildFile; fileRef = B5CDC8C8228FDF3600D23355 /* NHOHEMStorageUnit.cpp */; };
		B5DC76FC226E0FB50043AAA8 /* NHOCameraDataMessage.cpp in Sources */ = {isa = PBXBuildFile; fileRef = B5DC76FA226E0FB50043AAA8 /* NHOCameraDataMessage.cpp */; };
		B5DC76FD226E0FB50043AAA8 /* NHOCameraDataMessage.hpp in Headers */ = {isa = PBXBuildFile; fileRef = B5DC76FB226E0FB50043AAA8 /* NHOCameraDataMessage.hpp */; };
		B5DC7700226E1DDA0043AAA8 /* NHOData.cpp in Sources */ = {isa = PBXBuildFile; fileRef = B5DC76FE226E1DDA0043AAA8 /* NHOData.cpp */; };
		B5DC7701226E1DDA0043AAA8 /* NHOData.hpp in Headers */ = {isa = PBXBuildFile; fileRef = B5DC76FF226E1DDA0043AAA8 /* NHOData.hpp */; };
		B5DC77102270E09B0043AAA8 /* NHOMessageFactory.cpp in Sources */ = {isa = PBXBuildFile; fileRef = B5DC770E2270E09B0043AAA8 /* NHOMessageFactory.cpp */; };
		B5DC77112270E09B0043AAA8 /* NHOMessageFactory.hpp in Headers */ = {isa = PBXBuildFile; fileRef = B5DC770F2270E09B0043AAA8 /* NHOMessageFactory.hpp */; };
		B5DC77142274F2A90043AAA8 /* NHOFullDuplexConnectedEmitter.cpp in Sources */ = {isa = PBXBuildFile; fileRef = B5DC77122274F2A90043AAA8 /* NHOFullDuplexConnectedEmitter.cpp */; };
		B5DC77152274F2A90043AAA8 /* NHOFullDuplexConnectedEmitter.hpp in Headers */ = {isa = PBXBuildFile; fileRef = B5DC77132274F2A90043AAA8 /* NHOFullDuplexConnectedEmitter.hpp */; };
		B5DC77182275ECAA0043AAA8 /* NHOAckMessage.cpp in Sources */ = {isa = PBXBuildFile; fileRef = B5DC77162275ECAA0043AAA8 /* NHOAckMessage.cpp */; };
		B5DC77192275ECAA0043AAA8 /* NHOAckMessage.hpp in Headers */ = {isa = PBXBuildFile; fileRef = B5DC77172275ECAA0043AAA8 /* NHOAckMessage.hpp */; };
		B5DC77212275F8A40043AAA8 /* main.cpp in Sources */ = {isa = PBXBuildFile; fileRef = B5DC77202275F8A40043AAA8 /* main.cpp */; };
		B5DC77272275F9B70043AAA8 /* NHOImageStorageUnit.cpp in Sources */ = {isa = PBXBuildFile; fileRef = B5DC77252275F9B70043AAA8 /* NHOImageStorageUnit.cpp */; };
		B5DC7728227634F70043AAA8 /* libNetwork.a in Frameworks */ = {isa = PBXBuildFile; fileRef = B5EBFCAF225E7F2F0073ABFF /* libNetwork.a */; };
		B5DC7729227634F70043AAA8 /* libSensor.a in Frameworks */ = {isa = PBXBuildFile; fileRef = B5228D7C224FF6C700CE4CD3 /* libSensor.a */; };
		B5DC772A227634F70043AAA8 /* libUtils.a in Frameworks */ = {isa = PBXBuildFile; fileRef = B5EBFC98225D2E6E0073ABFF /* libUtils.a */; };
		B5EBFCA0225D2EA90073ABFF /* NHOLOG.hpp in Headers */ = {isa = PBXBuildFile; fileRef = B5EBFC9F225D2EA90073ABFF /* NHOLOG.hpp */; };
		B5EBFCA2225D2FAF0073ABFF /* NHOLOG.cpp in Sources */ = {isa = PBXBuildFile; fileRef = B5EBFCA1225D2FAF0073ABFF /* NHOLOG.cpp */; };
		B5EBFCA5225D33AB0073ABFF /* NHOSensorData.cpp in Sources */ = {isa = PBXBuildFile; fileRef = B5EBFCA3225D33AB0073ABFF /* NHOSensorData.cpp */; };
		B5EBFCA6225D33AB0073ABFF /* NHOSensorData.hpp in Headers */ = {isa = PBXBuildFile; fileRef = B5EBFCA4225D33AB0073ABFF /* NHOSensorData.hpp */; };
		B5EBFCA9225E64E10073ABFF /* NHOCameraData.cpp in Sources */ = {isa = PBXBuildFile; fileRef = B5EBFCA7225E64E10073ABFF /* NHOCameraData.cpp */; };
		B5EBFCAA225E64E10073ABFF /* NHOCameraData.hpp in Headers */ = {isa = PBXBuildFile; fileRef = B5EBFCA8225E64E10073ABFF /* NHOCameraData.hpp */; };
		B5EBFCB8225E7F600073ABFF /* NHOEmitter.cpp in Sources */ = {isa = PBXBuildFile; fileRef = B5EBFCB6225E7F600073ABFF /* NHOEmitter.cpp */; };
		B5EBFCB9225E7F600073ABFF /* NHOEmitter.hpp in Headers */ = {isa = PBXBuildFile; fileRef = B5EBFCB7225E7F600073ABFF /* NHOEmitter.hpp */; };
		B5EBFCBC226133E00073ABFF /* NHOBroadcastEmitter.cpp in Sources */ = {isa = PBXBuildFile; fileRef = B5EBFCBA226133E00073ABFF /* NHOBroadcastEmitter.cpp */; };
		B5EBFCBD226133E00073ABFF /* NHOBroadcastEmitter.hpp in Headers */ = {isa = PBXBuildFile; fileRef = B5EBFCBB226133E00073ABFF /* NHOBroadcastEmitter.hpp */; };
		B5EBFCBF2261C1D90073ABFF /* libNetwork.a in Frameworks */ = {isa = PBXBuildFile; fileRef = B5EBFCAF225E7F2F0073ABFF /* libNetwork.a */; };
		B5EBFCC02261C1D90073ABFF /* libSensor.a in Frameworks */ = {isa = PBXBuildFile; fileRef = B5228D7C224FF6C700CE4CD3 /* libSensor.a */; };
		B5EBFCC12261C1D90073ABFF /* libUtils.a in Frameworks */ = {isa = PBXBuildFile; fileRef = B5EBFC98225D2E6E0073ABFF /* libUtils.a */; };
/* End PBXBuildFile section */

/* Begin PBXContainerItemProxy section */
		B5EBFCC22261C2600073ABFF /* PBXContainerItemProxy */ = {
			isa = PBXContainerItemProxy;
			containerPortal = B5228D65224FF4DE00CE4CD3 /* Project object */;
			proxyType = 1;
			remoteGlobalIDString = B5228D7B224FF6C700CE4CD3;
			remoteInfo = Sensor;
		};
		B5EBFCC42261C2600073ABFF /* PBXContainerItemProxy */ = {
			isa = PBXContainerItemProxy;
			containerPortal = B5228D65224FF4DE00CE4CD3 /* Project object */;
			proxyType = 1;
			remoteGlobalIDString = B5EBFC97225D2E6E0073ABFF;
			remoteInfo = Utils;
		};
		B5EBFCC62261C2600073ABFF /* PBXContainerItemProxy */ = {
			isa = PBXContainerItemProxy;
			containerPortal = B5228D65224FF4DE00CE4CD3 /* Project object */;
			proxyType = 1;
			remoteGlobalIDString = B5EBFCAE225E7F2F0073ABFF;
			remoteInfo = Network;
		};
/* End PBXContainerItemProxy section */

/* Begin PBXCopyFilesBuildPhase section */
		B5228D6B224FF4DE00CE4CD3 /* CopyFiles */ = {
			isa = PBXCopyFilesBuildPhase;
			buildActionMask = 2147483647;
			dstPath = /usr/share/man/man1/;
			dstSubfolderSpec = 0;
			files = (
			);
			runOnlyForDeploymentPostprocessing = 1;
		};
		B5228D84224FF70900CE4CD3 /* CopyFiles */ = {
			isa = PBXCopyFilesBuildPhase;
			buildActionMask = 2147483647;
			dstPath = /usr/share/man/man1/;
			dstSubfolderSpec = 0;
			files = (
			);
			runOnlyForDeploymentPostprocessing = 1;
		};
		B5DC771C2275F8A40043AAA8 /* CopyFiles */ = {
			isa = PBXCopyFilesBuildPhase;
			buildActionMask = 2147483647;
			dstPath = /usr/share/man/man1/;
			dstSubfolderSpec = 0;
			files = (
			);
			runOnlyForDeploymentPostprocessing = 1;
		};
/* End PBXCopyFilesBuildPhase section */

/* Begin PBXFileReference section */
		B518FD71228856E200C37EC2 /* NHOHEMData.hpp */ = {isa = PBXFileReference; fileEncoding = 4; lastKnownFileType = sourcecode.cpp.h; path = NHOHEMData.hpp; sourceTree = "<group>"; };
		B518FD73228856ED00C37EC2 /* NHOHEMData.cpp */ = {isa = PBXFileReference; fileEncoding = 4; lastKnownFileType = sourcecode.cpp.cpp; path = NHOHEMData.cpp; sourceTree = "<group>"; };
		B518FD7B22885B7700C37EC2 /* NHORover.cpp */ = {isa = PBXFileReference; lastKnownFileType = sourcecode.cpp.cpp; path = NHORover.cpp; sourceTree = "<group>"; };
		B518FD7C22885B7700C37EC2 /* NHORover.hpp */ = {isa = PBXFileReference; lastKnownFileType = sourcecode.cpp.h; path = NHORover.hpp; sourceTree = "<group>"; };
		B5228D6D224FF4DE00CE4CD3 /* NewHorizons */ = {isa = PBXFileReference; explicitFileType = "compiled.mach-o.executable"; includeInIndex = 0; path = NewHorizons; sourceTree = BUILT_PRODUCTS_DIR; };
		B5228D70224FF4DE00CE4CD3 /* main.cpp */ = {isa = PBXFileReference; lastKnownFileType = sourcecode.cpp.cpp; path = main.cpp; sourceTree = "<group>"; };
		B5228D7C224FF6C700CE4CD3 /* libSensor.a */ = {isa = PBXFileReference; explicitFileType = archive.ar; includeInIndex = 0; path = libSensor.a; sourceTree = BUILT_PRODUCTS_DIR; };
		B5228D86224FF70900CE4CD3 /* Rover */ = {isa = PBXFileReference; explicitFileType = "compiled.mach-o.executable"; includeInIndex = 0; path = Rover; sourceTree = BUILT_PRODUCTS_DIR; };
		B5228D8F224FF7CB00CE4CD3 /* main.cpp */ = {isa = PBXFileReference; lastKnownFileType = sourcecode.cpp.cpp; path = main.cpp; sourceTree = "<group>"; };
		B5228D95224FF90900CE4CD3 /* NHOSensor.cpp */ = {isa = PBXFileReference; lastKnownFileType = sourcecode.cpp.cpp; path = NHOSensor.cpp; sourceTree = "<group>"; };
		B5228D96224FF90900CE4CD3 /* NHOSensor.hpp */ = {isa = PBXFileReference; lastKnownFileType = sourcecode.cpp.h; path = NHOSensor.hpp; sourceTree = "<group>"; };
		B5228D992253F11000CE4CD3 /* NHOCamera.cpp */ = {isa = PBXFileReference; lastKnownFileType = sourcecode.cpp.cpp; path = NHOCamera.cpp; sourceTree = "<group>"; };
		B5228D9A2253F11000CE4CD3 /* NHOCamera.hpp */ = {isa = PBXFileReference; lastKnownFileType = sourcecode.cpp.h; path = NHOCamera.hpp; sourceTree = "<group>"; };
		B547EE63227C9F0C00181512 /* NHOMessage.cpp */ = {isa = PBXFileReference; fileEncoding = 4; lastKnownFileType = sourcecode.cpp.cpp; path = NHOMessage.cpp; sourceTree = "<group>"; };
		B547EE64227C9F0C00181512 /* NHOImageSizeMessage.cpp */ = {isa = PBXFileReference; fileEncoding = 4; lastKnownFileType = sourcecode.cpp.cpp; path = NHOImageSizeMessage.cpp; sourceTree = "<group>"; };
		B547EE6A227C9F2000181512 /* NHOMessage.hpp */ = {isa = PBXFileReference; fileEncoding = 4; lastKnownFileType = sourcecode.cpp.h; path = NHOMessage.hpp; sourceTree = "<group>"; };
		B547EE6B227C9F2100181512 /* NHOImageSizeMessage.hpp */ = {isa = PBXFileReference; fileEncoding = 4; lastKnownFileType = sourcecode.cpp.h; path = NHOImageSizeMessage.hpp; sourceTree = "<group>"; };
		B547EE71227ECD7100181512 /* NHOImage.cpp */ = {isa = PBXFileReference; lastKnownFileType = sourcecode.cpp.cpp; path = NHOImage.cpp; sourceTree = "<group>"; };
		B547EE72227ECD7100181512 /* NHOImage.hpp */ = {isa = PBXFileReference; lastKnownFileType = sourcecode.cpp.h; path = NHOImage.hpp; sourceTree = "<group>"; };
		B547EE752283038700181512 /* NHOReflexFullDuplexConnectedEmitter.hpp */ = {isa = PBXFileReference; fileEncoding = 4; lastKnownFileType = sourcecode.cpp.h; path = NHOReflexFullDuplexConnectedEmitter.hpp; sourceTree = "<group>"; };
		B55235132255460300DBE5DA /* NHOSensorParameters.cpp */ = {isa = PBXFileReference; lastKnownFileType = sourcecode.cpp.cpp; path = NHOSensorParameters.cpp; sourceTree = "<group>"; };
		B55235142255460300DBE5DA /* NHOSensorParameters.hpp */ = {isa = PBXFileReference; lastKnownFileType = sourcecode.cpp.h; path = NHOSensorParameters.hpp; sourceTree = "<group>"; };
		B55235172255475500DBE5DA /* NHOCameraParameters.cpp */ = {isa = PBXFileReference; lastKnownFileType = sourcecode.cpp.cpp; path = NHOCameraParameters.cpp; sourceTree = "<group>"; };
		B55235182255475500DBE5DA /* NHOCameraParameters.hpp */ = {isa = PBXFileReference; lastKnownFileType = sourcecode.cpp.h; path = NHOCameraParameters.hpp; sourceTree = "<group>"; };
		B598F74522875CD2000925E0 /* NHOReflexFullDuplexConnectedEmitter.cpp */ = {isa = PBXFileReference; fileEncoding = 4; lastKnownFileType = sourcecode.cpp.cpp; path = NHOReflexFullDuplexConnectedEmitter.cpp; sourceTree = "<group>"; };
		B59BB671228B55C600F43937 /* NHORoverHEM.cpp */ = {isa = PBXFileReference; lastKnownFileType = sourcecode.cpp.cpp; path = NHORoverHEM.cpp; sourceTree = "<group>"; };
		B59BB672228B55C600F43937 /* NHORoverHEM.hpp */ = {isa = PBXFileReference; lastKnownFileType = sourcecode.cpp.h; path = NHORoverHEM.hpp; sourceTree = "<group>"; };
		B59BB675228B58BA00F43937 /* NHOHEMMessage.hpp */ = {isa = PBXFileReference; fileEncoding = 4; lastKnownFileType = sourcecode.cpp.h; path = NHOHEMMessage.hpp; sourceTree = "<group>"; };
		B59BB677228B58DB00F43937 /* NHOHEMMessage.cpp */ = {isa = PBXFileReference; fileEncoding = 4; lastKnownFileType = sourcecode.cpp.cpp; path = NHOHEMMessage.cpp; sourceTree = "<group>"; };
		B5CDC8C7228FDE8200D23355 /* NHOHEMStorageUnit.hpp */ = {isa = PBXFileReference; fileEncoding = 4; lastKnownFileType = sourcecode.cpp.h; path = NHOHEMStorageUnit.hpp; sourceTree = "<group>"; };
		B5CDC8C8228FDF3600D23355 /* NHOHEMStorageUnit.cpp */ = {isa = PBXFileReference; fileEncoding = 4; lastKnownFileType = sourcecode.cpp.cpp; path = NHOHEMStorageUnit.cpp; sourceTree = "<group>"; };
		B5DC76FA226E0FB50043AAA8 /* NHOCameraDataMessage.cpp */ = {isa = PBXFileReference; lastKnownFileType = sourcecode.cpp.cpp; path = NHOCameraDataMessage.cpp; sourceTree = "<group>"; };
		B5DC76FB226E0FB50043AAA8 /* NHOCameraDataMessage.hpp */ = {isa = PBXFileReference; lastKnownFileType = sourcecode.cpp.h; path = NHOCameraDataMessage.hpp; sourceTree = "<group>"; };
		B5DC76FE226E1DDA0043AAA8 /* NHOData.cpp */ = {isa = PBXFileReference; lastKnownFileType = sourcecode.cpp.cpp; path = NHOData.cpp; sourceTree = "<group>"; };
		B5DC76FF226E1DDA0043AAA8 /* NHOData.hpp */ = {isa = PBXFileReference; lastKnownFileType = sourcecode.cpp.h; path = NHOData.hpp; sourceTree = "<group>"; };
		B5DC770E2270E09B0043AAA8 /* NHOMessageFactory.cpp */ = {isa = PBXFileReference; lastKnownFileType = sourcecode.cpp.cpp; path = NHOMessageFactory.cpp; sourceTree = "<group>"; };
		B5DC770F2270E09B0043AAA8 /* NHOMessageFactory.hpp */ = {isa = PBXFileReference; lastKnownFileType = sourcecode.cpp.h; path = NHOMessageFactory.hpp; sourceTree = "<group>"; };
		B5DC77122274F2A90043AAA8 /* NHOFullDuplexConnectedEmitter.cpp */ = {isa = PBXFileReference; lastKnownFileType = sourcecode.cpp.cpp; path = NHOFullDuplexConnectedEmitter.cpp; sourceTree = "<group>"; };
		B5DC77132274F2A90043AAA8 /* NHOFullDuplexConnectedEmitter.hpp */ = {isa = PBXFileReference; lastKnownFileType = sourcecode.cpp.h; path = NHOFullDuplexConnectedEmitter.hpp; sourceTree = "<group>"; };
		B5DC77162275ECAA0043AAA8 /* NHOAckMessage.cpp */ = {isa = PBXFileReference; lastKnownFileType = sourcecode.cpp.cpp; path = NHOAckMessage.cpp; sourceTree = "<group>"; };
		B5DC77172275ECAA0043AAA8 /* NHOAckMessage.hpp */ = {isa = PBXFileReference; lastKnownFileType = sourcecode.cpp.h; path = NHOAckMessage.hpp; sourceTree = "<group>"; };
		B5DC771E2275F8A40043AAA8 /* StorageUnit */ = {isa = PBXFileReference; explicitFileType = "compiled.mach-o.executable"; includeInIndex = 0; path = StorageUnit; sourceTree = BUILT_PRODUCTS_DIR; };
		B5DC77202275F8A40043AAA8 /* main.cpp */ = {isa = PBXFileReference; lastKnownFileType = sourcecode.cpp.cpp; path = main.cpp; sourceTree = "<group>"; };
		B5DC77252275F9B70043AAA8 /* NHOImageStorageUnit.cpp */ = {isa = PBXFileReference; lastKnownFileType = sourcecode.cpp.cpp; path = NHOImageStorageUnit.cpp; sourceTree = "<group>"; };
		B5DC77262275F9B70043AAA8 /* NHOImageStorageUnit.hpp */ = {isa = PBXFileReference; lastKnownFileType = sourcecode.cpp.h; path = NHOImageStorageUnit.hpp; sourceTree = "<group>"; };
		B5EBFC98225D2E6E0073ABFF /* libUtils.a */ = {isa = PBXFileReference; explicitFileType = archive.ar; includeInIndex = 0; path = libUtils.a; sourceTree = BUILT_PRODUCTS_DIR; };
		B5EBFC9F225D2EA90073ABFF /* NHOLOG.hpp */ = {isa = PBXFileReference; fileEncoding = 4; lastKnownFileType = sourcecode.cpp.h; path = NHOLOG.hpp; sourceTree = "<group>"; };
		B5EBFCA1225D2FAF0073ABFF /* NHOLOG.cpp */ = {isa = PBXFileReference; fileEncoding = 4; lastKnownFileType = sourcecode.cpp.cpp; path = NHOLOG.cpp; sourceTree = "<group>"; };
		B5EBFCA3225D33AB0073ABFF /* NHOSensorData.cpp */ = {isa = PBXFileReference; lastKnownFileType = sourcecode.cpp.cpp; path = NHOSensorData.cpp; sourceTree = "<group>"; };
		B5EBFCA4225D33AB0073ABFF /* NHOSensorData.hpp */ = {isa = PBXFileReference; lastKnownFileType = sourcecode.cpp.h; path = NHOSensorData.hpp; sourceTree = "<group>"; };
		B5EBFCA7225E64E10073ABFF /* NHOCameraData.cpp */ = {isa = PBXFileReference; lastKnownFileType = sourcecode.cpp.cpp; path = NHOCameraData.cpp; sourceTree = "<group>"; };
		B5EBFCA8225E64E10073ABFF /* NHOCameraData.hpp */ = {isa = PBXFileReference; lastKnownFileType = sourcecode.cpp.h; path = NHOCameraData.hpp; sourceTree = "<group>"; };
		B5EBFCAF225E7F2F0073ABFF /* libNetwork.a */ = {isa = PBXFileReference; explicitFileType = archive.ar; includeInIndex = 0; path = libNetwork.a; sourceTree = BUILT_PRODUCTS_DIR; };
		B5EBFCB6225E7F600073ABFF /* NHOEmitter.cpp */ = {isa = PBXFileReference; lastKnownFileType = sourcecode.cpp.cpp; path = NHOEmitter.cpp; sourceTree = "<group>"; };
		B5EBFCB7225E7F600073ABFF /* NHOEmitter.hpp */ = {isa = PBXFileReference; lastKnownFileType = sourcecode.cpp.h; path = NHOEmitter.hpp; sourceTree = "<group>"; };
		B5EBFCBA226133E00073ABFF /* NHOBroadcastEmitter.cpp */ = {isa = PBXFileReference; lastKnownFileType = sourcecode.cpp.cpp; path = NHOBroadcastEmitter.cpp; sourceTree = "<group>"; };
		B5EBFCBB226133E00073ABFF /* NHOBroadcastEmitter.hpp */ = {isa = PBXFileReference; lastKnownFileType = sourcecode.cpp.h; path = NHOBroadcastEmitter.hpp; sourceTree = "<group>"; };
/* End PBXFileReference section */

/* Begin PBXFrameworksBuildPhase section */
		B5228D6A224FF4DE00CE4CD3 /* Frameworks */ = {
			isa = PBXFrameworksBuildPhase;
			buildActionMask = 2147483647;
			files = (
			);
			runOnlyForDeploymentPostprocessing = 0;
		};
		B5228D79224FF6C700CE4CD3 /* Frameworks */ = {
			isa = PBXFrameworksBuildPhase;
			buildActionMask = 2147483647;
			files = (
			);
			runOnlyForDeploymentPostprocessing = 0;
		};
		B5228D83224FF70900CE4CD3 /* Frameworks */ = {
			isa = PBXFrameworksBuildPhase;
			buildActionMask = 2147483647;
			files = (
				B5EBFCBF2261C1D90073ABFF /* libNetwork.a in Frameworks */,
				B5EBFCC02261C1D90073ABFF /* libSensor.a in Frameworks */,
				B5EBFCC12261C1D90073ABFF /* libUtils.a in Frameworks */,
			);
			runOnlyForDeploymentPostprocessing = 0;
		};
		B5DC771B2275F8A40043AAA8 /* Frameworks */ = {
			isa = PBXFrameworksBuildPhase;
			buildActionMask = 2147483647;
			files = (
				B5DC7728227634F70043AAA8 /* libNetwork.a in Frameworks */,
				B5DC7729227634F70043AAA8 /* libSensor.a in Frameworks */,
				B5DC772A227634F70043AAA8 /* libUtils.a in Frameworks */,
			);
			runOnlyForDeploymentPostprocessing = 0;
		};
		B5EBFC95225D2E6E0073ABFF /* Frameworks */ = {
			isa = PBXFrameworksBuildPhase;
			buildActionMask = 2147483647;
			files = (
			);
			runOnlyForDeploymentPostprocessing = 0;
		};
		B5EBFCAC225E7F2F0073ABFF /* Frameworks */ = {
			isa = PBXFrameworksBuildPhase;
			buildActionMask = 2147483647;
			files = (
			);
			runOnlyForDeploymentPostprocessing = 0;
		};
/* End PBXFrameworksBuildPhase section */

/* Begin PBXGroup section */
		B518FD7922885B5600C37EC2 /* Inc */ = {
			isa = PBXGroup;
			children = (
				B518FD7C22885B7700C37EC2 /* NHORover.hpp */,
			);
			path = Inc;
			sourceTree = "<group>";
		};
		B518FD7A22885B5B00C37EC2 /* Src */ = {
			isa = PBXGroup;
			children = (
				B518FD7B22885B7700C37EC2 /* NHORover.cpp */,
			);
			path = Src;
			sourceTree = "<group>";
		};
		B5228D64224FF4DE00CE4CD3 = {
			isa = PBXGroup;
			children = (
				B5228D81224FF6E500CE4CD3 /* Actuator */,
				B5EBFCBE2261C1D90073ABFF /* Frameworks */,
				B5EBFCB3225E7F350073ABFF /* Network */,
				B5228D6F224FF4DE00CE4CD3 /* NewHorizons */,
				B5228D6E224FF4DE00CE4CD3 /* Products */,
				B5228D87224FF70900CE4CD3 /* Rover */,
				B5228D80224FF6D400CE4CD3 /* Sensor */,
				B5DC771F2275F8A40043AAA8 /* StorageUnit */,
				B5EBFC9C225D2E7C0073ABFF /* Utils */,
			);
			sourceTree = "<group>";
		};
		B5228D6E224FF4DE00CE4CD3 /* Products */ = {
			isa = PBXGroup;
			children = (
				B5228D6D224FF4DE00CE4CD3 /* NewHorizons */,
				B5228D7C224FF6C700CE4CD3 /* libSensor.a */,
				B5228D86224FF70900CE4CD3 /* Rover */,
				B5EBFC98225D2E6E0073ABFF /* libUtils.a */,
				B5EBFCAF225E7F2F0073ABFF /* libNetwork.a */,
				B5DC771E2275F8A40043AAA8 /* StorageUnit */,
			);
			name = Products;
			sourceTree = "<group>";
		};
		B5228D6F224FF4DE00CE4CD3 /* NewHorizons */ = {
			isa = PBXGroup;
			children = (
				B5228D70224FF4DE00CE4CD3 /* main.cpp */,
			);
			path = NewHorizons;
			sourceTree = "<group>";
		};
		B5228D80224FF6D400CE4CD3 /* Sensor */ = {
			isa = PBXGroup;
			children = (
				B5228D93224FF8B200CE4CD3 /* Inc */,
				B5228D94224FF8B700CE4CD3 /* Src */,
			);
			path = Sensor;
			sourceTree = "<group>";
		};
		B5228D81224FF6E500CE4CD3 /* Actuator */ = {
			isa = PBXGroup;
			children = (
				B5228D91224FF8A800CE4CD3 /* Inc */,
				B5228D92224FF8AD00CE4CD3 /* Src */,
			);
			path = Actuator;
			sourceTree = "<group>";
		};
		B5228D87224FF70900CE4CD3 /* Rover */ = {
			isa = PBXGroup;
			children = (
				B5228D8F224FF7CB00CE4CD3 /* main.cpp */,
				B518FD7922885B5600C37EC2 /* Inc */,
				B518FD7A22885B5B00C37EC2 /* Src */,
			);
			path = Rover;
			sourceTree = "<group>";
		};
		B5228D91224FF8A800CE4CD3 /* Inc */ = {
			isa = PBXGroup;
			children = (
			);
			path = Inc;
			sourceTree = "<group>";
		};
		B5228D92224FF8AD00CE4CD3 /* Src */ = {
			isa = PBXGroup;
			children = (
			);
			path = Src;
			sourceTree = "<group>";
		};
		B5228D93224FF8B200CE4CD3 /* Inc */ = {
			isa = PBXGroup;
			children = (
				B5228D9A2253F11000CE4CD3 /* NHOCamera.hpp */,
				B5EBFCA8225E64E10073ABFF /* NHOCameraData.hpp */,
				B55235182255475500DBE5DA /* NHOCameraParameters.hpp */,
				B5DC76FF226E1DDA0043AAA8 /* NHOData.hpp */,
				B518FD71228856E200C37EC2 /* NHOHEMData.hpp */,
				B59BB672228B55C600F43937 /* NHORoverHEM.hpp */,
				B5228D96224FF90900CE4CD3 /* NHOSensor.hpp */,
				B5EBFCA4225D33AB0073ABFF /* NHOSensorData.hpp */,
				B55235142255460300DBE5DA /* NHOSensorParameters.hpp */,
			);
			path = Inc;
			sourceTree = "<group>";
		};
		B5228D94224FF8B700CE4CD3 /* Src */ = {
			isa = PBXGroup;
			children = (
				B5228D992253F11000CE4CD3 /* NHOCamera.cpp */,
				B5EBFCA7225E64E10073ABFF /* NHOCameraData.cpp */,
				B55235172255475500DBE5DA /* NHOCameraParameters.cpp */,
				B5DC76FE226E1DDA0043AAA8 /* NHOData.cpp */,
				B518FD73228856ED00C37EC2 /* NHOHEMData.cpp */,
				B59BB671228B55C600F43937 /* NHORoverHEM.cpp */,
				B5228D95224FF90900CE4CD3 /* NHOSensor.cpp */,
				B5EBFCA3225D33AB0073ABFF /* NHOSensorData.cpp */,
				B55235132255460300DBE5DA /* NHOSensorParameters.cpp */,
			);
			path = Src;
			sourceTree = "<group>";
		};
		B5DC771F2275F8A40043AAA8 /* StorageUnit */ = {
			isa = PBXGroup;
			children = (
				B5DC77202275F8A40043AAA8 /* main.cpp */,
				B5CDC8C8228FDF3600D23355 /* NHOHEMStorageUnit.cpp */,
				B5CDC8C7228FDE8200D23355 /* NHOHEMStorageUnit.hpp */,
				B5DC77252275F9B70043AAA8 /* NHOImageStorageUnit.cpp */,
				B5DC77262275F9B70043AAA8 /* NHOImageStorageUnit.hpp */,
			);
			path = StorageUnit;
			sourceTree = "<group>";
		};
		B5EBFC9C225D2E7C0073ABFF /* Utils */ = {
			isa = PBXGroup;
			children = (
				B5EBFC9D225D2E810073ABFF /* Inc */,
				B5EBFC9E225D2E850073ABFF /* Src */,
			);
			path = Utils;
			sourceTree = "<group>";
		};
		B5EBFC9D225D2E810073ABFF /* Inc */ = {
			isa = PBXGroup;
			children = (
				B547EE72227ECD7100181512 /* NHOImage.hpp */,
				B5EBFC9F225D2EA90073ABFF /* NHOLOG.hpp */,
			);
			path = Inc;
			sourceTree = "<group>";
		};
		B5EBFC9E225D2E850073ABFF /* Src */ = {
			isa = PBXGroup;
			children = (
				B547EE71227ECD7100181512 /* NHOImage.cpp */,
				B5EBFCA1225D2FAF0073ABFF /* NHOLOG.cpp */,
			);
			path = Src;
			sourceTree = "<group>";
		};
		B5EBFCB3225E7F350073ABFF /* Network */ = {
			isa = PBXGroup;
			children = (
				B5EBFCB4225E7F400073ABFF /* Inc */,
				B5EBFCB5225E7F430073ABFF /* Src */,
			);
			path = Network;
			sourceTree = "<group>";
		};
		B5EBFCB4225E7F400073ABFF /* Inc */ = {
			isa = PBXGroup;
			children = (
				B59BB675228B58BA00F43937 /* NHOHEMMessage.hpp */,
				B547EE6B227C9F2100181512 /* NHOImageSizeMessage.hpp */,
				B547EE6A227C9F2000181512 /* NHOMessage.hpp */,
				B5DC77172275ECAA0043AAA8 /* NHOAckMessage.hpp */,
				B5EBFCBB226133E00073ABFF /* NHOBroadcastEmitter.hpp */,
				B5DC76FB226E0FB50043AAA8 /* NHOCameraDataMessage.hpp */,
				B5EBFCB7225E7F600073ABFF /* NHOEmitter.hpp */,
				B5DC77132274F2A90043AAA8 /* NHOFullDuplexConnectedEmitter.hpp */,
				B547EE752283038700181512 /* NHOReflexFullDuplexConnectedEmitter.hpp */,
				B5DC770F2270E09B0043AAA8 /* NHOMessageFactory.hpp */,
			);
			path = Inc;
			sourceTree = "<group>";
		};
		B5EBFCB5225E7F430073ABFF /* Src */ = {
			isa = PBXGroup;
			children = (
				B59BB677228B58DB00F43937 /* NHOHEMMessage.cpp */,
				B598F74522875CD2000925E0 /* NHOReflexFullDuplexConnectedEmitter.cpp */,
				B547EE64227C9F0C00181512 /* NHOImageSizeMessage.cpp */,
				B547EE63227C9F0C00181512 /* NHOMessage.cpp */,
				B5DC77162275ECAA0043AAA8 /* NHOAckMessage.cpp */,
				B5EBFCBA226133E00073ABFF /* NHOBroadcastEmitter.cpp */,
				B5DC76FA226E0FB50043AAA8 /* NHOCameraDataMessage.cpp */,
				B5EBFCB6225E7F600073ABFF /* NHOEmitter.cpp */,
				B5DC77122274F2A90043AAA8 /* NHOFullDuplexConnectedEmitter.cpp */,
				B5DC770E2270E09B0043AAA8 /* NHOMessageFactory.cpp */,
			);
			path = Src;
			sourceTree = "<group>";
		};
		B5EBFCBE2261C1D90073ABFF /* Frameworks */ = {
			isa = PBXGroup;
			children = (
			);
			name = Frameworks;
			sourceTree = "<group>";
		};
/* End PBXGroup section */

/* Begin PBXHeadersBuildPhase section */
		B5228D7A224FF6C700CE4CD3 /* Headers */ = {
			isa = PBXHeadersBuildPhase;
			buildActionMask = 2147483647;
			files = (
				B5228D98224FF90900CE4CD3 /* NHOSensor.hpp in Headers */,
				B59BB674228B55C600F43937 /* NHORoverHEM.hpp in Headers */,
				B5228D9C2253F11000CE4CD3 /* NHOCamera.hpp in Headers */,
				B5DC7701226E1DDA0043AAA8 /* NHOData.hpp in Headers */,
				B55235162255460300DBE5DA /* NHOSensorParameters.hpp in Headers */,
				B5EBFCAA225E64E10073ABFF /* NHOCameraData.hpp in Headers */,
				B518FD72228856E200C37EC2 /* NHOHEMData.hpp in Headers */,
				B552351A2255475500DBE5DA /* NHOCameraParameters.hpp in Headers */,
				B5EBFCA6225D33AB0073ABFF /* NHOSensorData.hpp in Headers */,
			);
			runOnlyForDeploymentPostprocessing = 0;
		};
		B5EBFC96225D2E6E0073ABFF /* Headers */ = {
			isa = PBXHeadersBuildPhase;
			buildActionMask = 2147483647;
			files = (
				B547EE74227ECD7100181512 /* NHOImage.hpp in Headers */,
				B5EBFCA0225D2EA90073ABFF /* NHOLOG.hpp in Headers */,
			);
			runOnlyForDeploymentPostprocessing = 0;
		};
		B5EBFCAD225E7F2F0073ABFF /* Headers */ = {
			isa = PBXHeadersBuildPhase;
			buildActionMask = 2147483647;
			files = (
				B547EE762283038700181512 /* NHOReflexFullDuplexConnectedEmitter.hpp in Headers */,
				B59BB676228B58BB00F43937 /* NHOHEMMessage.hpp in Headers */,
				B5DC77112270E09B0043AAA8 /* NHOMessageFactory.hpp in Headers */,
				B5EBFCBD226133E00073ABFF /* NHOBroadcastEmitter.hpp in Headers */,
				B547EE6F227C9F2100181512 /* NHOImageSizeMessage.hpp in Headers */,
				B5EBFCB9225E7F600073ABFF /* NHOEmitter.hpp in Headers */,
				B5DC77152274F2A90043AAA8 /* NHOFullDuplexConnectedEmitter.hpp in Headers */,
				B5DC77192275ECAA0043AAA8 /* NHOAckMessage.hpp in Headers */,
				B5DC76FD226E0FB50043AAA8 /* NHOCameraDataMessage.hpp in Headers */,
				B547EE6E227C9F2100181512 /* NHOMessage.hpp in Headers */,
			);
			runOnlyForDeploymentPostprocessing = 0;
		};
/* End PBXHeadersBuildPhase section */

/* Begin PBXNativeTarget section */
		B5228D6C224FF4DE00CE4CD3 /* NewHorizons */ = {
			isa = PBXNativeTarget;
			buildConfigurationList = B5228D74224FF4DE00CE4CD3 /* Build configuration list for PBXNativeTarget "NewHorizons" */;
			buildPhases = (
				B5228D69224FF4DE00CE4CD3 /* Sources */,
				B5228D6A224FF4DE00CE4CD3 /* Frameworks */,
				B5228D6B224FF4DE00CE4CD3 /* CopyFiles */,
			);
			buildRules = (
			);
			dependencies = (
			);
			name = NewHorizons;
			productName = "New Horizons";
			productReference = B5228D6D224FF4DE00CE4CD3 /* NewHorizons */;
			productType = "com.apple.product-type.tool";
		};
		B5228D7B224FF6C700CE4CD3 /* Sensor */ = {
			isa = PBXNativeTarget;
			buildConfigurationList = B5228D7D224FF6C700CE4CD3 /* Build configuration list for PBXNativeTarget "Sensor" */;
			buildPhases = (
				B5228D78224FF6C700CE4CD3 /* Sources */,
				B5228D79224FF6C700CE4CD3 /* Frameworks */,
				B5228D7A224FF6C700CE4CD3 /* Headers */,
			);
			buildRules = (
			);
			dependencies = (
			);
			name = Sensor;
			productName = Sensor;
			productReference = B5228D7C224FF6C700CE4CD3 /* libSensor.a */;
			productType = "com.apple.product-type.library.static";
		};
		B5228D85224FF70900CE4CD3 /* Rover */ = {
			isa = PBXNativeTarget;
			buildConfigurationList = B5228D8A224FF70900CE4CD3 /* Build configuration list for PBXNativeTarget "Rover" */;
			buildPhases = (
				B5228D82224FF70900CE4CD3 /* Sources */,
				B5228D83224FF70900CE4CD3 /* Frameworks */,
				B5228D84224FF70900CE4CD3 /* CopyFiles */,
			);
			buildRules = (
			);
			dependencies = (
				B5EBFCC32261C2600073ABFF /* PBXTargetDependency */,
				B5EBFCC52261C2600073ABFF /* PBXTargetDependency */,
				B5EBFCC72261C2600073ABFF /* PBXTargetDependency */,
			);
			name = Rover;
			productName = Rover;
			productReference = B5228D86224FF70900CE4CD3 /* Rover */;
			productType = "com.apple.product-type.tool";
		};
		B5DC771D2275F8A40043AAA8 /* StorageUnit */ = {
			isa = PBXNativeTarget;
			buildConfigurationList = B5DC77222275F8A40043AAA8 /* Build configuration list for PBXNativeTarget "StorageUnit" */;
			buildPhases = (
				B5DC771A2275F8A40043AAA8 /* Sources */,
				B5DC771B2275F8A40043AAA8 /* Frameworks */,
				B5DC771C2275F8A40043AAA8 /* CopyFiles */,
			);
			buildRules = (
			);
			dependencies = (
			);
			name = StorageUnit;
			productName = StorageUnit;
			productReference = B5DC771E2275F8A40043AAA8 /* StorageUnit */;
			productType = "com.apple.product-type.tool";
		};
		B5EBFC97225D2E6E0073ABFF /* Utils */ = {
			isa = PBXNativeTarget;
			buildConfigurationList = B5EBFC99225D2E6E0073ABFF /* Build configuration list for PBXNativeTarget "Utils" */;
			buildPhases = (
				B5EBFC94225D2E6E0073ABFF /* Sources */,
				B5EBFC95225D2E6E0073ABFF /* Frameworks */,
				B5EBFC96225D2E6E0073ABFF /* Headers */,
			);
			buildRules = (
			);
			dependencies = (
			);
			name = Utils;
			productName = libUtils;
			productReference = B5EBFC98225D2E6E0073ABFF /* libUtils.a */;
			productType = "com.apple.product-type.library.static";
		};
		B5EBFCAE225E7F2F0073ABFF /* Network */ = {
			isa = PBXNativeTarget;
			buildConfigurationList = B5EBFCB0225E7F2F0073ABFF /* Build configuration list for PBXNativeTarget "Network" */;
			buildPhases = (
				B5EBFCAB225E7F2F0073ABFF /* Sources */,
				B5EBFCAC225E7F2F0073ABFF /* Frameworks */,
				B5EBFCAD225E7F2F0073ABFF /* Headers */,
			);
			buildRules = (
			);
			dependencies = (
			);
			name = Network;
			productName = Network;
			productReference = B5EBFCAF225E7F2F0073ABFF /* libNetwork.a */;
			productType = "com.apple.product-type.library.static";
		};
/* End PBXNativeTarget section */

/* Begin PBXProject section */
		B5228D65224FF4DE00CE4CD3 /* Project object */ = {
			isa = PBXProject;
			attributes = {
				LastUpgradeCheck = 0920;
				ORGANIZATIONNAME = "Frédéric Rubio";
				TargetAttributes = {
					B5228D6C224FF4DE00CE4CD3 = {
						CreatedOnToolsVersion = 9.2;
						ProvisioningStyle = Automatic;
					};
					B5228D7B224FF6C700CE4CD3 = {
						CreatedOnToolsVersion = 9.2;
						ProvisioningStyle = Automatic;
					};
					B5228D85224FF70900CE4CD3 = {
						CreatedOnToolsVersion = 9.2;
						ProvisioningStyle = Automatic;
					};
					B5DC771D2275F8A40043AAA8 = {
						CreatedOnToolsVersion = 9.2;
						ProvisioningStyle = Automatic;
					};
					B5EBFC97225D2E6E0073ABFF = {
						CreatedOnToolsVersion = 9.2;
						ProvisioningStyle = Automatic;
					};
					B5EBFCAE225E7F2F0073ABFF = {
						CreatedOnToolsVersion = 9.2;
						ProvisioningStyle = Automatic;
					};
				};
			};
			buildConfigurationList = B5228D68224FF4DE00CE4CD3 /* Build configuration list for PBXProject "NewHorizons" */;
			compatibilityVersion = "Xcode 8.0";
			developmentRegion = en;
			hasScannedForEncodings = 0;
			knownRegions = (
				en,
			);
			mainGroup = B5228D64224FF4DE00CE4CD3;
			productRefGroup = B5228D6E224FF4DE00CE4CD3 /* Products */;
			projectDirPath = "";
			projectRoot = "";
			targets = (
				B5228D6C224FF4DE00CE4CD3 /* NewHorizons */,
				B5228D7B224FF6C700CE4CD3 /* Sensor */,
				B5228D85224FF70900CE4CD3 /* Rover */,
				B5EBFC97225D2E6E0073ABFF /* Utils */,
				B5EBFCAE225E7F2F0073ABFF /* Network */,
				B5DC771D2275F8A40043AAA8 /* StorageUnit */,
			);
		};
/* End PBXProject section */

/* Begin PBXSourcesBuildPhase section */
		B5228D69224FF4DE00CE4CD3 /* Sources */ = {
			isa = PBXSourcesBuildPhase;
			buildActionMask = 2147483647;
			files = (
				B5228D71224FF4DE00CE4CD3 /* main.cpp in Sources */,
			);
			runOnlyForDeploymentPostprocessing = 0;
		};
		B5228D78224FF6C700CE4CD3 /* Sources */ = {
			isa = PBXSourcesBuildPhase;
			buildActionMask = 2147483647;
			files = (
				B518FD74228856ED00C37EC2 /* NHOHEMData.cpp in Sources */,
				B59BB673228B55C600F43937 /* NHORoverHEM.cpp in Sources */,
				B5DC7700226E1DDA0043AAA8 /* NHOData.cpp in Sources */,
				B5EBFCA9225E64E10073ABFF /* NHOCameraData.cpp in Sources */,
				B5228D9B2253F11000CE4CD3 /* NHOCamera.cpp in Sources */,
				B5228D97224FF90900CE4CD3 /* NHOSensor.cpp in Sources */,
				B55235192255475500DBE5DA /* NHOCameraParameters.cpp in Sources */,
				B55235152255460300DBE5DA /* NHOSensorParameters.cpp in Sources */,
				B5EBFCA5225D33AB0073ABFF /* NHOSensorData.cpp in Sources */,
			);
			runOnlyForDeploymentPostprocessing = 0;
		};
		B5228D82224FF70900CE4CD3 /* Sources */ = {
			isa = PBXSourcesBuildPhase;
			buildActionMask = 2147483647;
			files = (
				B518FD7D22885B7700C37EC2 /* NHORover.cpp in Sources */,
				B5228D90224FF7CB00CE4CD3 /* main.cpp in Sources */,
			);
			runOnlyForDeploymentPostprocessing = 0;
		};
		B5DC771A2275F8A40043AAA8 /* Sources */ = {
			isa = PBXSourcesBuildPhase;
			buildActionMask = 2147483647;
			files = (
				B5CDC8C9228FDF3600D23355 /* NHOHEMStorageUnit.cpp in Sources */,
				B5DC77212275F8A40043AAA8 /* main.cpp in Sources */,
				B5DC77272275F9B70043AAA8 /* NHOImageStorageUnit.cpp in Sources */,
			);
			runOnlyForDeploymentPostprocessing = 0;
		};
		B5EBFC94225D2E6E0073ABFF /* Sources */ = {
			isa = PBXSourcesBuildPhase;
			buildActionMask = 2147483647;
			files = (
				B5EBFCA2225D2FAF0073ABFF /* NHOLOG.cpp in Sources */,
				B547EE73227ECD7100181512 /* NHOImage.cpp in Sources */,
			);
			runOnlyForDeploymentPostprocessing = 0;
		};
		B5EBFCAB225E7F2F0073ABFF /* Sources */ = {
			isa = PBXSourcesBuildPhase;
			buildActionMask = 2147483647;
			files = (
				B5EBFCB8225E7F600073ABFF /* NHOEmitter.cpp in Sources */,
				B598F74622875CD2000925E0 /* NHOReflexFullDuplexConnectedEmitter.cpp in Sources */,
				B547EE67227C9F0C00181512 /* NHOMessage.cpp in Sources */,
				B5DC77142274F2A90043AAA8 /* NHOFullDuplexConnectedEmitter.cpp in Sources */,
				B5EBFCBC226133E00073ABFF /* NHOBroadcastEmitter.cpp in Sources */,
				B5DC77182275ECAA0043AAA8 /* NHOAckMessage.cpp in Sources */,
				B59BB678228B58DB00F43937 /* NHOHEMMessage.cpp in Sources */,
				B5DC76FC226E0FB50043AAA8 /* NHOCameraDataMessage.cpp in Sources */,
				B547EE68227C9F0C00181512 /* NHOImageSizeMessage.cpp in Sources */,
				B5DC77102270E09B0043AAA8 /* NHOMessageFactory.cpp in Sources */,
			);
			runOnlyForDeploymentPostprocessing = 0;
		};
/* End PBXSourcesBuildPhase section */

/* Begin PBXTargetDependency section */
		B5EBFCC32261C2600073ABFF /* PBXTargetDependency */ = {
			isa = PBXTargetDependency;
			target = B5228D7B224FF6C700CE4CD3 /* Sensor */;
			targetProxy = B5EBFCC22261C2600073ABFF /* PBXContainerItemProxy */;
		};
		B5EBFCC52261C2600073ABFF /* PBXTargetDependency */ = {
			isa = PBXTargetDependency;
			target = B5EBFC97225D2E6E0073ABFF /* Utils */;
			targetProxy = B5EBFCC42261C2600073ABFF /* PBXContainerItemProxy */;
		};
		B5EBFCC72261C2600073ABFF /* PBXTargetDependency */ = {
			isa = PBXTargetDependency;
			target = B5EBFCAE225E7F2F0073ABFF /* Network */;
			targetProxy = B5EBFCC62261C2600073ABFF /* PBXContainerItemProxy */;
		};
/* End PBXTargetDependency section */

/* Begin XCBuildConfiguration section */
		B5228D72224FF4DE00CE4CD3 /* Debug */ = {
			isa = XCBuildConfiguration;
			buildSettings = {
				ALWAYS_SEARCH_USER_PATHS = NO;
				CLANG_ANALYZER_NONNULL = YES;
				CLANG_ANALYZER_NUMBER_OBJECT_CONVERSION = YES_AGGRESSIVE;
				CLANG_CXX_LANGUAGE_STANDARD = "gnu++14";
				CLANG_CXX_LIBRARY = "libc++";
				CLANG_ENABLE_MODULES = YES;
				CLANG_ENABLE_OBJC_ARC = YES;
				CLANG_WARN_BLOCK_CAPTURE_AUTORELEASING = YES;
				CLANG_WARN_BOOL_CONVERSION = YES;
				CLANG_WARN_COMMA = YES;
				CLANG_WARN_CONSTANT_CONVERSION = YES;
				CLANG_WARN_DIRECT_OBJC_ISA_USAGE = YES_ERROR;
				CLANG_WARN_DOCUMENTATION_COMMENTS = YES;
				CLANG_WARN_EMPTY_BODY = YES;
				CLANG_WARN_ENUM_CONVERSION = YES;
				CLANG_WARN_INFINITE_RECURSION = YES;
				CLANG_WARN_INT_CONVERSION = YES;
				CLANG_WARN_NON_LITERAL_NULL_CONVERSION = YES;
				CLANG_WARN_OBJC_LITERAL_CONVERSION = YES;
				CLANG_WARN_OBJC_ROOT_CLASS = YES_ERROR;
				CLANG_WARN_RANGE_LOOP_ANALYSIS = YES;
				CLANG_WARN_STRICT_PROTOTYPES = YES;
				CLANG_WARN_SUSPICIOUS_MOVE = YES;
				CLANG_WARN_UNGUARDED_AVAILABILITY = YES_AGGRESSIVE;
				CLANG_WARN_UNREACHABLE_CODE = YES;
				CLANG_WARN__DUPLICATE_METHOD_MATCH = YES;
				CODE_SIGN_IDENTITY = "-";
				COPY_PHASE_STRIP = NO;
				DEBUG_INFORMATION_FORMAT = dwarf;
				ENABLE_STRICT_OBJC_MSGSEND = YES;
				ENABLE_TESTABILITY = YES;
				GCC_C_LANGUAGE_STANDARD = gnu11;
				GCC_DYNAMIC_NO_PIC = NO;
				GCC_NO_COMMON_BLOCKS = YES;
				GCC_OPTIMIZATION_LEVEL = 0;
				GCC_PREPROCESSOR_DEFINITIONS = (
					"DEBUG=1",
					"$(inherited)",
				);
				GCC_WARN_64_TO_32_BIT_CONVERSION = YES;
				GCC_WARN_ABOUT_RETURN_TYPE = YES_ERROR;
				GCC_WARN_UNDECLARED_SELECTOR = YES;
				GCC_WARN_UNINITIALIZED_AUTOS = YES_AGGRESSIVE;
				GCC_WARN_UNUSED_FUNCTION = YES;
				GCC_WARN_UNUSED_VARIABLE = YES;
				MACOSX_DEPLOYMENT_TARGET = 10.12;
				MTL_ENABLE_DEBUG_INFO = YES;
				ONLY_ACTIVE_ARCH = YES;
				SDKROOT = macosx;
			};
			name = Debug;
		};
		B5228D73224FF4DE00CE4CD3 /* Release */ = {
			isa = XCBuildConfiguration;
			buildSettings = {
				ALWAYS_SEARCH_USER_PATHS = NO;
				CLANG_ANALYZER_NONNULL = YES;
				CLANG_ANALYZER_NUMBER_OBJECT_CONVERSION = YES_AGGRESSIVE;
				CLANG_CXX_LANGUAGE_STANDARD = "gnu++14";
				CLANG_CXX_LIBRARY = "libc++";
				CLANG_ENABLE_MODULES = YES;
				CLANG_ENABLE_OBJC_ARC = YES;
				CLANG_WARN_BLOCK_CAPTURE_AUTORELEASING = YES;
				CLANG_WARN_BOOL_CONVERSION = YES;
				CLANG_WARN_COMMA = YES;
				CLANG_WARN_CONSTANT_CONVERSION = YES;
				CLANG_WARN_DIRECT_OBJC_ISA_USAGE = YES_ERROR;
				CLANG_WARN_DOCUMENTATION_COMMENTS = YES;
				CLANG_WARN_EMPTY_BODY = YES;
				CLANG_WARN_ENUM_CONVERSION = YES;
				CLANG_WARN_INFINITE_RECURSION = YES;
				CLANG_WARN_INT_CONVERSION = YES;
				CLANG_WARN_NON_LITERAL_NULL_CONVERSION = YES;
				CLANG_WARN_OBJC_LITERAL_CONVERSION = YES;
				CLANG_WARN_OBJC_ROOT_CLASS = YES_ERROR;
				CLANG_WARN_RANGE_LOOP_ANALYSIS = YES;
				CLANG_WARN_STRICT_PROTOTYPES = YES;
				CLANG_WARN_SUSPICIOUS_MOVE = YES;
				CLANG_WARN_UNGUARDED_AVAILABILITY = YES_AGGRESSIVE;
				CLANG_WARN_UNREACHABLE_CODE = YES;
				CLANG_WARN__DUPLICATE_METHOD_MATCH = YES;
				CODE_SIGN_IDENTITY = "-";
				COPY_PHASE_STRIP = NO;
				DEBUG_INFORMATION_FORMAT = "dwarf-with-dsym";
				ENABLE_NS_ASSERTIONS = NO;
				ENABLE_STRICT_OBJC_MSGSEND = YES;
				GCC_C_LANGUAGE_STANDARD = gnu11;
				GCC_NO_COMMON_BLOCKS = YES;
				GCC_WARN_64_TO_32_BIT_CONVERSION = YES;
				GCC_WARN_ABOUT_RETURN_TYPE = YES_ERROR;
				GCC_WARN_UNDECLARED_SELECTOR = YES;
				GCC_WARN_UNINITIALIZED_AUTOS = YES_AGGRESSIVE;
				GCC_WARN_UNUSED_FUNCTION = YES;
				GCC_WARN_UNUSED_VARIABLE = YES;
				MACOSX_DEPLOYMENT_TARGET = 10.12;
				MTL_ENABLE_DEBUG_INFO = NO;
				SDKROOT = macosx;
			};
			name = Release;
		};
		B5228D75224FF4DE00CE4CD3 /* Debug */ = {
			isa = XCBuildConfiguration;
			buildSettings = {
				CODE_SIGN_STYLE = Automatic;
				PRODUCT_NAME = "$(TARGET_NAME)";
			};
			name = Debug;
		};
		B5228D76224FF4DE00CE4CD3 /* Release */ = {
			isa = XCBuildConfiguration;
			buildSettings = {
				CODE_SIGN_STYLE = Automatic;
				PRODUCT_NAME = "$(TARGET_NAME)";
			};
			name = Release;
		};
		B5228D7E224FF6C700CE4CD3 /* Debug */ = {
			isa = XCBuildConfiguration;
			buildSettings = {
				CODE_SIGN_STYLE = Automatic;
				EXECUTABLE_PREFIX = lib;
				PRODUCT_NAME = "$(TARGET_NAME)";
			};
			name = Debug;
		};
		B5228D7F224FF6C700CE4CD3 /* Release */ = {
			isa = XCBuildConfiguration;
			buildSettings = {
				CODE_SIGN_STYLE = Automatic;
				EXECUTABLE_PREFIX = lib;
				PRODUCT_NAME = "$(TARGET_NAME)";
			};
			name = Release;
		};
		B5228D8B224FF70900CE4CD3 /* Debug */ = {
			isa = XCBuildConfiguration;
			buildSettings = {
				CODE_SIGN_STYLE = Automatic;
				PRODUCT_NAME = "$(TARGET_NAME)";
			};
			name = Debug;
		};
		B5228D8C224FF70900CE4CD3 /* Release */ = {
			isa = XCBuildConfiguration;
			buildSettings = {
				CODE_SIGN_STYLE = Automatic;
				PRODUCT_NAME = "$(TARGET_NAME)";
			};
			name = Release;
		};
		B5DC77232275F8A40043AAA8 /* Debug */ = {
			isa = XCBuildConfiguration;
			buildSettings = {
				CODE_SIGN_STYLE = Automatic;
				PRODUCT_NAME = "$(TARGET_NAME)";
			};
			name = Debug;
		};
		B5DC77242275F8A40043AAA8 /* Release */ = {
			isa = XCBuildConfiguration;
			buildSettings = {
				CODE_SIGN_STYLE = Automatic;
				PRODUCT_NAME = "$(TARGET_NAME)";
			};
			name = Release;
		};
		B5EBFC9A225D2E6E0073ABFF /* Debug */ = {
			isa = XCBuildConfiguration;
			buildSettings = {
				CODE_SIGN_STYLE = Automatic;
				EXECUTABLE_PREFIX = lib;
				PRODUCT_NAME = "$(TARGET_NAME)";
			};
			name = Debug;
		};
		B5EBFC9B225D2E6E0073ABFF /* Release */ = {
			isa = XCBuildConfiguration;
			buildSettings = {
				CODE_SIGN_STYLE = Automatic;
				EXECUTABLE_PREFIX = lib;
				PRODUCT_NAME = "$(TARGET_NAME)";
			};
			name = Release;
		};
		B5EBFCB1225E7F2F0073ABFF /* Debug */ = {
			isa = XCBuildConfiguration;
			buildSettings = {
				CODE_SIGN_STYLE = Automatic;
				EXECUTABLE_PREFIX = lib;
				PRODUCT_NAME = "$(TARGET_NAME)";
			};
			name = Debug;
		};
		B5EBFCB2225E7F2F0073ABFF /* Release */ = {
			isa = XCBuildConfiguration;
			buildSettings = {
				CODE_SIGN_STYLE = Automatic;
				EXECUTABLE_PREFIX = lib;
				PRODUCT_NAME = "$(TARGET_NAME)";
			};
			name = Release;
		};
/* End XCBuildConfiguration section */

/* Begin XCConfigurationList section */
		B5228D68224FF4DE00CE4CD3 /* Build configuration list for PBXProject "NewHorizons" */ = {
			isa = XCConfigurationList;
			buildConfigurations = (
				B5228D72224FF4DE00CE4CD3 /* Debug */,
				B5228D73224FF4DE00CE4CD3 /* Release */,
			);
			defaultConfigurationIsVisible = 0;
			defaultConfigurationName = Release;
		};
		B5228D74224FF4DE00CE4CD3 /* Build configuration list for PBXNativeTarget "NewHorizons" */ = {
			isa = XCConfigurationList;
			buildConfigurations = (
				B5228D75224FF4DE00CE4CD3 /* Debug */,
				B5228D76224FF4DE00CE4CD3 /* Release */,
			);
			defaultConfigurationIsVisible = 0;
			defaultConfigurationName = Release;
		};
		B5228D7D224FF6C700CE4CD3 /* Build configuration list for PBXNativeTarget "Sensor" */ = {
			isa = XCConfigurationList;
			buildConfigurations = (
				B5228D7E224FF6C700CE4CD3 /* Debug */,
				B5228D7F224FF6C700CE4CD3 /* Release */,
			);
			defaultConfigurationIsVisible = 0;
			defaultConfigurationName = Release;
		};
		B5228D8A224FF70900CE4CD3 /* Build configuration list for PBXNativeTarget "Rover" */ = {
			isa = XCConfigurationList;
			buildConfigurations = (
				B5228D8B224FF70900CE4CD3 /* Debug */,
				B5228D8C224FF70900CE4CD3 /* Release */,
			);
			defaultConfigurationIsVisible = 0;
			defaultConfigurationName = Release;
		};
		B5DC77222275F8A40043AAA8 /* Build configuration list for PBXNativeTarget "StorageUnit" */ = {
			isa = XCConfigurationList;
			buildConfigurations = (
				B5DC77232275F8A40043AAA8 /* Debug */,
				B5DC77242275F8A40043AAA8 /* Release */,
			);
			defaultConfigurationIsVisible = 0;
			defaultConfigurationName = Release;
		};
		B5EBFC99225D2E6E0073ABFF /* Build configuration list for PBXNativeTarget "Utils" */ = {
			isa = XCConfigurationList;
			buildConfigurations = (
				B5EBFC9A225D2E6E0073ABFF /* Debug */,
				B5EBFC9B225D2E6E0073ABFF /* Release */,
			);
			defaultConfigurationIsVisible = 0;
			defaultConfigurationName = Release;
		};
		B5EBFCB0225E7F2F0073ABFF /* Build configuration list for PBXNativeTarget "Network" */ = {
			isa = XCConfigurationList;
			buildConfigurations = (
				B5EBFCB1225E7F2F0073ABFF /* Debug */,
				B5EBFCB2225E7F2F0073ABFF /* Release */,
			);
			defaultConfigurationIsVisible = 0;
			defaultConfigurationName = Release;
		};
/* End XCConfigurationList section */
	};
	rootObject = B5228D65224FF4DE00CE4CD3 /* Project object */;
}
